// !$*UTF8*$!
{
	archiveVersion = 1;
	classes = {
	};
	objectVersion = 56;
	objects = {

/* Begin PBXBuildFile section */
		6419D3B628E8BAD3001D3E0F /* SearchBarView.swift in Sources */ = {isa = PBXBuildFile; fileRef = 6419D3B528E8BAD3001D3E0F /* SearchBarView.swift */; };
		6419D3B828E8BF1B001D3E0F /* UIApplication.swift in Sources */ = {isa = PBXBuildFile; fileRef = 6419D3B728E8BF1B001D3E0F /* UIApplication.swift */; };
		64204DA928E8907C009A38C4 /* LocalFileManager.swift in Sources */ = {isa = PBXBuildFile; fileRef = 64204DA828E8907C009A38C4 /* LocalFileManager.swift */; };
		6453D0AA28F321F500FB4FB3 /* Statistic.swift in Sources */ = {isa = PBXBuildFile; fileRef = 6453D0A928F321F500FB4FB3 /* Statistic.swift */; };
		6453D0AC28F322F600FB4FB3 /* StatisticView.swift in Sources */ = {isa = PBXBuildFile; fileRef = 6453D0AB28F322F600FB4FB3 /* StatisticView.swift */; };
		6453D0AE28F3262600FB4FB3 /* HomeStatsView.swift in Sources */ = {isa = PBXBuildFile; fileRef = 6453D0AD28F3262600FB4FB3 /* HomeStatsView.swift */; };
		6453D0B028F33FBF00FB4FB3 /* MarketData.swift in Sources */ = {isa = PBXBuildFile; fileRef = 6453D0AF28F33FBF00FB4FB3 /* MarketData.swift */; };
		6453D0B228F3432300FB4FB3 /* MarketDataService.swift in Sources */ = {isa = PBXBuildFile; fileRef = 6453D0B128F3432300FB4FB3 /* MarketDataService.swift */; };
		646F5F1428E71BAD0032EAA5 /* CryptoTrackerApp.swift in Sources */ = {isa = PBXBuildFile; fileRef = 646F5F1328E71BAD0032EAA5 /* CryptoTrackerApp.swift */; };
		646F5F1628E71BAD0032EAA5 /* ContentView.swift in Sources */ = {isa = PBXBuildFile; fileRef = 646F5F1528E71BAD0032EAA5 /* ContentView.swift */; };
		646F5F1828E71BAF0032EAA5 /* Assets.xcassets in Resources */ = {isa = PBXBuildFile; fileRef = 646F5F1728E71BAF0032EAA5 /* Assets.xcassets */; };
		646F5F1B28E71BAF0032EAA5 /* Preview Assets.xcassets in Resources */ = {isa = PBXBuildFile; fileRef = 646F5F1A28E71BAF0032EAA5 /* Preview Assets.xcassets */; };
		646F5F2328E71D760032EAA5 /* Color.swift in Sources */ = {isa = PBXBuildFile; fileRef = 646F5F2228E71D760032EAA5 /* Color.swift */; };
		646F5F2928E720340032EAA5 /* HomeView.swift in Sources */ = {isa = PBXBuildFile; fileRef = 646F5F2828E720340032EAA5 /* HomeView.swift */; };
		646F5F2D28E7216D0032EAA5 /* CricleButtonView.swift in Sources */ = {isa = PBXBuildFile; fileRef = 646F5F2C28E7216D0032EAA5 /* CricleButtonView.swift */; };
		646F5F2F28E725EB0032EAA5 /* CricleButtonAnimationView.swift in Sources */ = {isa = PBXBuildFile; fileRef = 646F5F2E28E725EB0032EAA5 /* CricleButtonAnimationView.swift */; };
		646F5F3228E7466A0032EAA5 /* Coin.swift in Sources */ = {isa = PBXBuildFile; fileRef = 646F5F3128E7466A0032EAA5 /* Coin.swift */; };
		646F5F3428E74E900032EAA5 /* CoinRowView.swift in Sources */ = {isa = PBXBuildFile; fileRef = 646F5F3328E74E900032EAA5 /* CoinRowView.swift */; };
		646F5F3628E74EEF0032EAA5 /* PreviewProvider.swift in Sources */ = {isa = PBXBuildFile; fileRef = 646F5F3528E74EEF0032EAA5 /* PreviewProvider.swift */; };
		646F5F3828E751C70032EAA5 /* Double.swift in Sources */ = {isa = PBXBuildFile; fileRef = 646F5F3728E751C70032EAA5 /* Double.swift */; };
		646F5F3A28E828C30032EAA5 /* HomeViewModel.swift in Sources */ = {isa = PBXBuildFile; fileRef = 646F5F3928E828C30032EAA5 /* HomeViewModel.swift */; };
		646F5F3D28E85D3C0032EAA5 /* CoinDataService.swift in Sources */ = {isa = PBXBuildFile; fileRef = 646F5F3C28E85D3C0032EAA5 /* CoinDataService.swift */; };
		646F5F4028E864330032EAA5 /* NetworkingManager.swift in Sources */ = {isa = PBXBuildFile; fileRef = 646F5F3F28E864330032EAA5 /* NetworkingManager.swift */; };
		646F5F4328E870190032EAA5 /* CoinImageView.swift in Sources */ = {isa = PBXBuildFile; fileRef = 646F5F4228E870190032EAA5 /* CoinImageView.swift */; };
		646F5F4528E871610032EAA5 /* CoinImageService.swift in Sources */ = {isa = PBXBuildFile; fileRef = 646F5F4428E871610032EAA5 /* CoinImageService.swift */; };
		646F5F4728E872FA0032EAA5 /* CoinImageViewModel.swift in Sources */ = {isa = PBXBuildFile; fileRef = 646F5F4628E872FA0032EAA5 /* CoinImageViewModel.swift */; };
		64A2E99428F865620067312B /* PortfolioContainer.xcdatamodeld in Sources */ = {isa = PBXBuildFile; fileRef = 64A2E99228F865620067312B /* PortfolioContainer.xcdatamodeld */; };
		64A2E99628F865F40067312B /* PortfolioDataService.swift in Sources */ = {isa = PBXBuildFile; fileRef = 64A2E99528F865F40067312B /* PortfolioDataService.swift */; };
		64A2E99828F89DBB0067312B /* HapticManager.swift in Sources */ = {isa = PBXBuildFile; fileRef = 64A2E99728F89DBB0067312B /* HapticManager.swift */; };
		64A2E99D28F9AE020067312B /* DetailView.swift in Sources */ = {isa = PBXBuildFile; fileRef = 64A2E99C28F9AE020067312B /* DetailView.swift */; };
		64A2E99F28FC40220067312B /* CoinDetail.swift in Sources */ = {isa = PBXBuildFile; fileRef = 64A2E99E28FC40220067312B /* CoinDetail.swift */; };
		64A2E9A128FC40690067312B /* String.swift in Sources */ = {isa = PBXBuildFile; fileRef = 64A2E9A028FC40690067312B /* String.swift */; };
		64A2E9A328FC40DC0067312B /* DetailViewModel.swift in Sources */ = {isa = PBXBuildFile; fileRef = 64A2E9A228FC40DC0067312B /* DetailViewModel.swift */; };
		64A2E9A528FC41190067312B /* CoinDetailDataService.swift in Sources */ = {isa = PBXBuildFile; fileRef = 64A2E9A428FC41190067312B /* CoinDetailDataService.swift */; };
		64A2E9A728FF34310067312B /* ChartView.swift in Sources */ = {isa = PBXBuildFile; fileRef = 64A2E9A628FF34310067312B /* ChartView.swift */; };
		64E9C9C828F4659B001DE356 /* PortfolioView.swift in Sources */ = {isa = PBXBuildFile; fileRef = 64E9C9C728F4659B001DE356 /* PortfolioView.swift */; };
		64E9C9CA28F46ADC001DE356 /* DismissButton.swift in Sources */ = {isa = PBXBuildFile; fileRef = 64E9C9C928F46ADC001DE356 /* DismissButton.swift */; };
		64E9C9CC28F46CAC001DE356 /* CoinLogoView.swift in Sources */ = {isa = PBXBuildFile; fileRef = 64E9C9CB28F46CAC001DE356 /* CoinLogoView.swift */; };
/* End PBXBuildFile section */

/* Begin PBXFileReference section */
		6419D3B528E8BAD3001D3E0F /* SearchBarView.swift */ = {isa = PBXFileReference; lastKnownFileType = sourcecode.swift; path = SearchBarView.swift; sourceTree = "<group>"; };
		6419D3B728E8BF1B001D3E0F /* UIApplication.swift */ = {isa = PBXFileReference; lastKnownFileType = sourcecode.swift; path = UIApplication.swift; sourceTree = "<group>"; };
		64204DA828E8907C009A38C4 /* LocalFileManager.swift */ = {isa = PBXFileReference; lastKnownFileType = sourcecode.swift; path = LocalFileManager.swift; sourceTree = "<group>"; };
		6453D0A928F321F500FB4FB3 /* Statistic.swift */ = {isa = PBXFileReference; lastKnownFileType = sourcecode.swift; path = Statistic.swift; sourceTree = "<group>"; };
		6453D0AB28F322F600FB4FB3 /* StatisticView.swift */ = {isa = PBXFileReference; lastKnownFileType = sourcecode.swift; path = StatisticView.swift; sourceTree = "<group>"; };
		6453D0AD28F3262600FB4FB3 /* HomeStatsView.swift */ = {isa = PBXFileReference; lastKnownFileType = sourcecode.swift; path = HomeStatsView.swift; sourceTree = "<group>"; };
		6453D0AF28F33FBF00FB4FB3 /* MarketData.swift */ = {isa = PBXFileReference; lastKnownFileType = sourcecode.swift; path = MarketData.swift; sourceTree = "<group>"; };
		6453D0B128F3432300FB4FB3 /* MarketDataService.swift */ = {isa = PBXFileReference; lastKnownFileType = sourcecode.swift; path = MarketDataService.swift; sourceTree = "<group>"; };
		646F5F1028E71BAD0032EAA5 /* CryptoTracker.app */ = {isa = PBXFileReference; explicitFileType = wrapper.application; includeInIndex = 0; path = CryptoTracker.app; sourceTree = BUILT_PRODUCTS_DIR; };
		646F5F1328E71BAD0032EAA5 /* CryptoTrackerApp.swift */ = {isa = PBXFileReference; lastKnownFileType = sourcecode.swift; path = CryptoTrackerApp.swift; sourceTree = "<group>"; };
		646F5F1528E71BAD0032EAA5 /* ContentView.swift */ = {isa = PBXFileReference; lastKnownFileType = sourcecode.swift; path = ContentView.swift; sourceTree = "<group>"; };
		646F5F1728E71BAF0032EAA5 /* Assets.xcassets */ = {isa = PBXFileReference; lastKnownFileType = folder.assetcatalog; path = Assets.xcassets; sourceTree = "<group>"; };
		646F5F1A28E71BAF0032EAA5 /* Preview Assets.xcassets */ = {isa = PBXFileReference; lastKnownFileType = folder.assetcatalog; path = "Preview Assets.xcassets"; sourceTree = "<group>"; };
		646F5F2228E71D760032EAA5 /* Color.swift */ = {isa = PBXFileReference; lastKnownFileType = sourcecode.swift; path = Color.swift; sourceTree = "<group>"; };
		646F5F2828E720340032EAA5 /* HomeView.swift */ = {isa = PBXFileReference; lastKnownFileType = sourcecode.swift; path = HomeView.swift; sourceTree = "<group>"; };
		646F5F2C28E7216D0032EAA5 /* CricleButtonView.swift */ = {isa = PBXFileReference; lastKnownFileType = sourcecode.swift; path = CricleButtonView.swift; sourceTree = "<group>"; };
		646F5F2E28E725EB0032EAA5 /* CricleButtonAnimationView.swift */ = {isa = PBXFileReference; lastKnownFileType = sourcecode.swift; path = CricleButtonAnimationView.swift; sourceTree = "<group>"; };
		646F5F3128E7466A0032EAA5 /* Coin.swift */ = {isa = PBXFileReference; lastKnownFileType = sourcecode.swift; path = Coin.swift; sourceTree = "<group>"; };
		646F5F3328E74E900032EAA5 /* CoinRowView.swift */ = {isa = PBXFileReference; lastKnownFileType = sourcecode.swift; path = CoinRowView.swift; sourceTree = "<group>"; };
		646F5F3528E74EEF0032EAA5 /* PreviewProvider.swift */ = {isa = PBXFileReference; lastKnownFileType = sourcecode.swift; path = PreviewProvider.swift; sourceTree = "<group>"; };
		646F5F3728E751C70032EAA5 /* Double.swift */ = {isa = PBXFileReference; lastKnownFileType = sourcecode.swift; path = Double.swift; sourceTree = "<group>"; };
		646F5F3928E828C30032EAA5 /* HomeViewModel.swift */ = {isa = PBXFileReference; lastKnownFileType = sourcecode.swift; path = HomeViewModel.swift; sourceTree = "<group>"; };
		646F5F3C28E85D3C0032EAA5 /* CoinDataService.swift */ = {isa = PBXFileReference; lastKnownFileType = sourcecode.swift; path = CoinDataService.swift; sourceTree = "<group>"; };
		646F5F3F28E864330032EAA5 /* NetworkingManager.swift */ = {isa = PBXFileReference; lastKnownFileType = sourcecode.swift; path = NetworkingManager.swift; sourceTree = "<group>"; };
		646F5F4228E870190032EAA5 /* CoinImageView.swift */ = {isa = PBXFileReference; lastKnownFileType = sourcecode.swift; path = CoinImageView.swift; sourceTree = "<group>"; };
		646F5F4428E871610032EAA5 /* CoinImageService.swift */ = {isa = PBXFileReference; lastKnownFileType = sourcecode.swift; path = CoinImageService.swift; sourceTree = "<group>"; };
		646F5F4628E872FA0032EAA5 /* CoinImageViewModel.swift */ = {isa = PBXFileReference; lastKnownFileType = sourcecode.swift; path = CoinImageViewModel.swift; sourceTree = "<group>"; };
		64A2E99328F865620067312B /* PortfolioContainer.xcdatamodel */ = {isa = PBXFileReference; lastKnownFileType = wrapper.xcdatamodel; path = PortfolioContainer.xcdatamodel; sourceTree = "<group>"; };
		64A2E99528F865F40067312B /* PortfolioDataService.swift */ = {isa = PBXFileReference; lastKnownFileType = sourcecode.swift; path = PortfolioDataService.swift; sourceTree = "<group>"; };
		64A2E99728F89DBB0067312B /* HapticManager.swift */ = {isa = PBXFileReference; lastKnownFileType = sourcecode.swift; path = HapticManager.swift; sourceTree = "<group>"; };
		64A2E99C28F9AE020067312B /* DetailView.swift */ = {isa = PBXFileReference; lastKnownFileType = sourcecode.swift; path = DetailView.swift; sourceTree = "<group>"; };
		64A2E99E28FC40220067312B /* CoinDetail.swift */ = {isa = PBXFileReference; fileEncoding = 4; lastKnownFileType = sourcecode.swift; path = CoinDetail.swift; sourceTree = "<group>"; };
		64A2E9A028FC40690067312B /* String.swift */ = {isa = PBXFileReference; fileEncoding = 4; lastKnownFileType = sourcecode.swift; path = String.swift; sourceTree = "<group>"; };
		64A2E9A228FC40DC0067312B /* DetailViewModel.swift */ = {isa = PBXFileReference; lastKnownFileType = sourcecode.swift; path = DetailViewModel.swift; sourceTree = "<group>"; };
		64A2E9A428FC41190067312B /* CoinDetailDataService.swift */ = {isa = PBXFileReference; lastKnownFileType = sourcecode.swift; path = CoinDetailDataService.swift; sourceTree = "<group>"; };
		64A2E9A628FF34310067312B /* ChartView.swift */ = {isa = PBXFileReference; lastKnownFileType = sourcecode.swift; path = ChartView.swift; sourceTree = "<group>"; };
		64E9C9C728F4659B001DE356 /* PortfolioView.swift */ = {isa = PBXFileReference; lastKnownFileType = sourcecode.swift; path = PortfolioView.swift; sourceTree = "<group>"; };
		64E9C9C928F46ADC001DE356 /* DismissButton.swift */ = {isa = PBXFileReference; lastKnownFileType = sourcecode.swift; path = DismissButton.swift; sourceTree = "<group>"; };
		64E9C9CB28F46CAC001DE356 /* CoinLogoView.swift */ = {isa = PBXFileReference; lastKnownFileType = sourcecode.swift; path = CoinLogoView.swift; sourceTree = "<group>"; };
/* End PBXFileReference section */

/* Begin PBXFrameworksBuildPhase section */
		646F5F0D28E71BAD0032EAA5 /* Frameworks */ = {
			isa = PBXFrameworksBuildPhase;
			buildActionMask = 2147483647;
			files = (
			);
			runOnlyForDeploymentPostprocessing = 0;
		};
/* End PBXFrameworksBuildPhase section */

/* Begin PBXGroup section */
		6419D3B428E8BAC2001D3E0F /* Search */ = {
			isa = PBXGroup;
			children = (
				6419D3B528E8BAD3001D3E0F /* SearchBarView.swift */,
			);
			path = Search;
			sourceTree = "<group>";
		};
		646F5F0728E71BAD0032EAA5 = {
			isa = PBXGroup;
			children = (
				646F5F1228E71BAD0032EAA5 /* CryptoTracker */,
				646F5F1128E71BAD0032EAA5 /* Products */,
			);
			sourceTree = "<group>";
		};
		646F5F1128E71BAD0032EAA5 /* Products */ = {
			isa = PBXGroup;
			children = (
				646F5F1028E71BAD0032EAA5 /* CryptoTracker.app */,
			);
			name = Products;
			sourceTree = "<group>";
		};
		646F5F1228E71BAD0032EAA5 /* CryptoTracker */ = {
			isa = PBXGroup;
			children = (
				646F5F1328E71BAD0032EAA5 /* CryptoTrackerApp.swift */,
				646F5F3E28E864050032EAA5 /* Utilities */,
				646F5F2128E71D690032EAA5 /* Extensions */,
				646F5F3B28E85D0C0032EAA5 /* Services */,
				646F5F3028E746490032EAA5 /* Models */,
				646F5F2428E71FF50032EAA5 /* Core */,
				646F5F1528E71BAD0032EAA5 /* ContentView.swift */,
				646F5F1728E71BAF0032EAA5 /* Assets.xcassets */,
				646F5F1928E71BAF0032EAA5 /* Preview Content */,
			);
			path = CryptoTracker;
			sourceTree = "<group>";
		};
		646F5F1928E71BAF0032EAA5 /* Preview Content */ = {
			isa = PBXGroup;
			children = (
				646F5F1A28E71BAF0032EAA5 /* Preview Assets.xcassets */,
			);
			path = "Preview Content";
			sourceTree = "<group>";
		};
		646F5F2128E71D690032EAA5 /* Extensions */ = {
			isa = PBXGroup;
			children = (
				64A2E9A028FC40690067312B /* String.swift */,
				646F5F2228E71D760032EAA5 /* Color.swift */,
				646F5F3528E74EEF0032EAA5 /* PreviewProvider.swift */,
				646F5F3728E751C70032EAA5 /* Double.swift */,
				6419D3B728E8BF1B001D3E0F /* UIApplication.swift */,
			);
			path = Extensions;
			sourceTree = "<group>";
		};
		646F5F2428E71FF50032EAA5 /* Core */ = {
			isa = PBXGroup;
			children = (
				646F5F2A28E721480032EAA5 /* Components */,
				646F5F2528E720050032EAA5 /* Home */,
				64A2E99928F9ADD50067312B /* Detail */,
			);
			path = Core;
			sourceTree = "<group>";
		};
		646F5F2528E720050032EAA5 /* Home */ = {
			isa = PBXGroup;
			children = (
				646F5F2728E7201A0032EAA5 /* ViewModels */,
				646F5F2628E720120032EAA5 /* Views */,
			);
			path = Home;
			sourceTree = "<group>";
		};
		646F5F2628E720120032EAA5 /* Views */ = {
			isa = PBXGroup;
			children = (
				646F5F2828E720340032EAA5 /* HomeView.swift */,
				6453D0AD28F3262600FB4FB3 /* HomeStatsView.swift */,
				646F5F3328E74E900032EAA5 /* CoinRowView.swift */,
				64E9C9C728F4659B001DE356 /* PortfolioView.swift */,
			);
			path = Views;
			sourceTree = "<group>";
		};
		646F5F2728E7201A0032EAA5 /* ViewModels */ = {
			isa = PBXGroup;
			children = (
				646F5F3928E828C30032EAA5 /* HomeViewModel.swift */,
			);
			path = ViewModels;
			sourceTree = "<group>";
		};
		646F5F2A28E721480032EAA5 /* Components */ = {
			isa = PBXGroup;
			children = (
				6419D3B428E8BAC2001D3E0F /* Search */,
				646F5F4128E8700A0032EAA5 /* CoinImage */,
				646F5F2B28E7215F0032EAA5 /* CircleButton */,
				6453D0AB28F322F600FB4FB3 /* StatisticView.swift */,
				64E9C9C928F46ADC001DE356 /* DismissButton.swift */,
			);
			path = Components;
			sourceTree = "<group>";
		};
		646F5F2B28E7215F0032EAA5 /* CircleButton */ = {
			isa = PBXGroup;
			children = (
				646F5F2C28E7216D0032EAA5 /* CricleButtonView.swift */,
				646F5F2E28E725EB0032EAA5 /* CricleButtonAnimationView.swift */,
			);
			path = CircleButton;
			sourceTree = "<group>";
		};
		646F5F3028E746490032EAA5 /* Models */ = {
			isa = PBXGroup;
			children = (
				646F5F3128E7466A0032EAA5 /* Coin.swift */,
				64A2E99E28FC40220067312B /* CoinDetail.swift */,
				6453D0A928F321F500FB4FB3 /* Statistic.swift */,
				6453D0AF28F33FBF00FB4FB3 /* MarketData.swift */,
				64A2E99228F865620067312B /* PortfolioContainer.xcdatamodeld */,
			);
			path = Models;
			sourceTree = "<group>";
		};
		646F5F3B28E85D0C0032EAA5 /* Services */ = {
			isa = PBXGroup;
			children = (
				646F5F3C28E85D3C0032EAA5 /* CoinDataService.swift */,
				646F5F4428E871610032EAA5 /* CoinImageService.swift */,
				6453D0B128F3432300FB4FB3 /* MarketDataService.swift */,
				64A2E99528F865F40067312B /* PortfolioDataService.swift */,
				64A2E9A428FC41190067312B /* CoinDetailDataService.swift */,
			);
			path = Services;
			sourceTree = "<group>";
		};
		646F5F3E28E864050032EAA5 /* Utilities */ = {
			isa = PBXGroup;
			children = (
				646F5F3F28E864330032EAA5 /* NetworkingManager.swift */,
				64204DA828E8907C009A38C4 /* LocalFileManager.swift */,
				64A2E99728F89DBB0067312B /* HapticManager.swift */,
			);
			path = Utilities;
			sourceTree = "<group>";
		};
		646F5F4128E8700A0032EAA5 /* CoinImage */ = {
			isa = PBXGroup;
			children = (
				646F5F4228E870190032EAA5 /* CoinImageView.swift */,
				646F5F4628E872FA0032EAA5 /* CoinImageViewModel.swift */,
				64E9C9CB28F46CAC001DE356 /* CoinLogoView.swift */,
			);
			path = CoinImage;
			sourceTree = "<group>";
		};
		64A2E99928F9ADD50067312B /* Detail */ = {
			isa = PBXGroup;
			children = (
				64A2E99A28F9ADEB0067312B /* ViewModel */,
				64A2E99B28F9ADF30067312B /* Views */,
			);
			path = Detail;
			sourceTree = "<group>";
		};
		64A2E99A28F9ADEB0067312B /* ViewModel */ = {
			isa = PBXGroup;
			children = (
				64A2E9A228FC40DC0067312B /* DetailViewModel.swift */,
			);
			path = ViewModel;
			sourceTree = "<group>";
		};
		64A2E99B28F9ADF30067312B /* Views */ = {
			isa = PBXGroup;
			children = (
				64A2E99C28F9AE020067312B /* DetailView.swift */,
				64A2E9A628FF34310067312B /* ChartView.swift */,
			);
			path = Views;
			sourceTree = "<group>";
		};
/* End PBXGroup section */

/* Begin PBXNativeTarget section */
		646F5F0F28E71BAD0032EAA5 /* CryptoTracker */ = {
			isa = PBXNativeTarget;
			buildConfigurationList = 646F5F1E28E71BAF0032EAA5 /* Build configuration list for PBXNativeTarget "CryptoTracker" */;
			buildPhases = (
				646F5F0C28E71BAD0032EAA5 /* Sources */,
				646F5F0D28E71BAD0032EAA5 /* Frameworks */,
				646F5F0E28E71BAD0032EAA5 /* Resources */,
			);
			buildRules = (
			);
			dependencies = (
			);
			name = CryptoTracker;
			productName = CryptoTracker;
			productReference = 646F5F1028E71BAD0032EAA5 /* CryptoTracker.app */;
			productType = "com.apple.product-type.application";
		};
/* End PBXNativeTarget section */

/* Begin PBXProject section */
		646F5F0828E71BAD0032EAA5 /* Project object */ = {
			isa = PBXProject;
			attributes = {
				BuildIndependentTargetsInParallel = 1;
				LastSwiftUpdateCheck = 1400;
				LastUpgradeCheck = 1400;
				TargetAttributes = {
					646F5F0F28E71BAD0032EAA5 = {
						CreatedOnToolsVersion = 14.0.1;
					};
				};
			};
			buildConfigurationList = 646F5F0B28E71BAD0032EAA5 /* Build configuration list for PBXProject "CryptoTracker" */;
			compatibilityVersion = "Xcode 14.0";
			developmentRegion = en;
			hasScannedForEncodings = 0;
			knownRegions = (
				en,
				Base,
			);
			mainGroup = 646F5F0728E71BAD0032EAA5;
			productRefGroup = 646F5F1128E71BAD0032EAA5 /* Products */;
			projectDirPath = "";
			projectRoot = "";
			targets = (
				646F5F0F28E71BAD0032EAA5 /* CryptoTracker */,
			);
		};
/* End PBXProject section */

/* Begin PBXResourcesBuildPhase section */
		646F5F0E28E71BAD0032EAA5 /* Resources */ = {
			isa = PBXResourcesBuildPhase;
			buildActionMask = 2147483647;
			files = (
				646F5F1B28E71BAF0032EAA5 /* Preview Assets.xcassets in Resources */,
				646F5F1828E71BAF0032EAA5 /* Assets.xcassets in Resources */,
			);
			runOnlyForDeploymentPostprocessing = 0;
		};
/* End PBXResourcesBuildPhase section */

/* Begin PBXSourcesBuildPhase section */
		646F5F0C28E71BAD0032EAA5 /* Sources */ = {
			isa = PBXSourcesBuildPhase;
			buildActionMask = 2147483647;
			files = (
				64A2E99428F865620067312B /* PortfolioContainer.xcdatamodeld in Sources */,
				646F5F3D28E85D3C0032EAA5 /* CoinDataService.swift in Sources */,
				646F5F3428E74E900032EAA5 /* CoinRowView.swift in Sources */,
				64E9C9CA28F46ADC001DE356 /* DismissButton.swift in Sources */,
				646F5F3A28E828C30032EAA5 /* HomeViewModel.swift in Sources */,
				6453D0B028F33FBF00FB4FB3 /* MarketData.swift in Sources */,
				646F5F1628E71BAD0032EAA5 /* ContentView.swift in Sources */,
				64A2E99F28FC40220067312B /* CoinDetail.swift in Sources */,
				64204DA928E8907C009A38C4 /* LocalFileManager.swift in Sources */,
				646F5F2928E720340032EAA5 /* HomeView.swift in Sources */,
				646F5F4328E870190032EAA5 /* CoinImageView.swift in Sources */,
				6453D0AC28F322F600FB4FB3 /* StatisticView.swift in Sources */,
				64A2E9A128FC40690067312B /* String.swift in Sources */,
				646F5F2D28E7216D0032EAA5 /* CricleButtonView.swift in Sources */,
				6419D3B828E8BF1B001D3E0F /* UIApplication.swift in Sources */,
				646F5F1428E71BAD0032EAA5 /* CryptoTrackerApp.swift in Sources */,
				646F5F2328E71D760032EAA5 /* Color.swift in Sources */,
				64A2E9A328FC40DC0067312B /* DetailViewModel.swift in Sources */,
				6419D3B628E8BAD3001D3E0F /* SearchBarView.swift in Sources */,
				64A2E99D28F9AE020067312B /* DetailView.swift in Sources */,
				64A2E99828F89DBB0067312B /* HapticManager.swift in Sources */,
				646F5F4028E864330032EAA5 /* NetworkingManager.swift in Sources */,
				646F5F2F28E725EB0032EAA5 /* CricleButtonAnimationView.swift in Sources */,
				64A2E9A728FF34310067312B /* ChartView.swift in Sources */,
				64E9C9CC28F46CAC001DE356 /* CoinLogoView.swift in Sources */,
				6453D0AE28F3262600FB4FB3 /* HomeStatsView.swift in Sources */,
				6453D0B228F3432300FB4FB3 /* MarketDataService.swift in Sources */,
				64A2E9A528FC41190067312B /* CoinDetailDataService.swift in Sources */,
				646F5F4728E872FA0032EAA5 /* CoinImageViewModel.swift in Sources */,
				646F5F3628E74EEF0032EAA5 /* PreviewProvider.swift in Sources */,
				646F5F3828E751C70032EAA5 /* Double.swift in Sources */,
				64E9C9C828F4659B001DE356 /* PortfolioView.swift in Sources */,
				646F5F4528E871610032EAA5 /* CoinImageService.swift in Sources */,
				6453D0AA28F321F500FB4FB3 /* Statistic.swift in Sources */,
				646F5F3228E7466A0032EAA5 /* Coin.swift in Sources */,
				64A2E99628F865F40067312B /* PortfolioDataService.swift in Sources */,
			);
			runOnlyForDeploymentPostprocessing = 0;
		};
/* End PBXSourcesBuildPhase section */

/* Begin XCBuildConfiguration section */
		646F5F1C28E71BAF0032EAA5 /* Debug */ = {
			isa = XCBuildConfiguration;
			buildSettings = {
				ALWAYS_SEARCH_USER_PATHS = NO;
				CLANG_ANALYZER_NONNULL = YES;
				CLANG_ANALYZER_NUMBER_OBJECT_CONVERSION = YES_AGGRESSIVE;
				CLANG_CXX_LANGUAGE_STANDARD = "gnu++20";
				CLANG_ENABLE_MODULES = YES;
				CLANG_ENABLE_OBJC_ARC = YES;
				CLANG_ENABLE_OBJC_WEAK = YES;
				CLANG_WARN_BLOCK_CAPTURE_AUTORELEASING = YES;
				CLANG_WARN_BOOL_CONVERSION = YES;
				CLANG_WARN_COMMA = YES;
				CLANG_WARN_CONSTANT_CONVERSION = YES;
				CLANG_WARN_DEPRECATED_OBJC_IMPLEMENTATIONS = YES;
				CLANG_WARN_DIRECT_OBJC_ISA_USAGE = YES_ERROR;
				CLANG_WARN_DOCUMENTATION_COMMENTS = YES;
				CLANG_WARN_EMPTY_BODY = YES;
				CLANG_WARN_ENUM_CONVERSION = YES;
				CLANG_WARN_INFINITE_RECURSION = YES;
				CLANG_WARN_INT_CONVERSION = YES;
				CLANG_WARN_NON_LITERAL_NULL_CONVERSION = YES;
				CLANG_WARN_OBJC_IMPLICIT_RETAIN_SELF = YES;
				CLANG_WARN_OBJC_LITERAL_CONVERSION = YES;
				CLANG_WARN_OBJC_ROOT_CLASS = YES_ERROR;
				CLANG_WARN_QUOTED_INCLUDE_IN_FRAMEWORK_HEADER = YES;
				CLANG_WARN_RANGE_LOOP_ANALYSIS = YES;
				CLANG_WARN_STRICT_PROTOTYPES = YES;
				CLANG_WARN_SUSPICIOUS_MOVE = YES;
				CLANG_WARN_UNGUARDED_AVAILABILITY = YES_AGGRESSIVE;
				CLANG_WARN_UNREACHABLE_CODE = YES;
				CLANG_WARN__DUPLICATE_METHOD_MATCH = YES;
				COPY_PHASE_STRIP = NO;
				DEBUG_INFORMATION_FORMAT = dwarf;
				ENABLE_STRICT_OBJC_MSGSEND = YES;
				ENABLE_TESTABILITY = YES;
				GCC_C_LANGUAGE_STANDARD = gnu11;
				GCC_DYNAMIC_NO_PIC = NO;
				GCC_NO_COMMON_BLOCKS = YES;
				GCC_OPTIMIZATION_LEVEL = 0;
				GCC_PREPROCESSOR_DEFINITIONS = (
					"DEBUG=1",
					"$(inherited)",
				);
				GCC_WARN_64_TO_32_BIT_CONVERSION = YES;
				GCC_WARN_ABOUT_RETURN_TYPE = YES_ERROR;
				GCC_WARN_UNDECLARED_SELECTOR = YES;
				GCC_WARN_UNINITIALIZED_AUTOS = YES_AGGRESSIVE;
				GCC_WARN_UNUSED_FUNCTION = YES;
				GCC_WARN_UNUSED_VARIABLE = YES;
				IPHONEOS_DEPLOYMENT_TARGET = 16.0;
				MTL_ENABLE_DEBUG_INFO = INCLUDE_SOURCE;
				MTL_FAST_MATH = YES;
				ONLY_ACTIVE_ARCH = YES;
				SDKROOT = iphoneos;
				SWIFT_ACTIVE_COMPILATION_CONDITIONS = DEBUG;
				SWIFT_OPTIMIZATION_LEVEL = "-Onone";
			};
			name = Debug;
		};
		646F5F1D28E71BAF0032EAA5 /* Release */ = {
			isa = XCBuildConfiguration;
			buildSettings = {
				ALWAYS_SEARCH_USER_PATHS = NO;
				CLANG_ANALYZER_NONNULL = YES;
				CLANG_ANALYZER_NUMBER_OBJECT_CONVERSION = YES_AGGRESSIVE;
				CLANG_CXX_LANGUAGE_STANDARD = "gnu++20";
				CLANG_ENABLE_MODULES = YES;
				CLANG_ENABLE_OBJC_ARC = YES;
				CLANG_ENABLE_OBJC_WEAK = YES;
				CLANG_WARN_BLOCK_CAPTURE_AUTORELEASING = YES;
				CLANG_WARN_BOOL_CONVERSION = YES;
				CLANG_WARN_COMMA = YES;
				CLANG_WARN_CONSTANT_CONVERSION = YES;
				CLANG_WARN_DEPRECATED_OBJC_IMPLEMENTATIONS = YES;
				CLANG_WARN_DIRECT_OBJC_ISA_USAGE = YES_ERROR;
				CLANG_WARN_DOCUMENTATION_COMMENTS = YES;
				CLANG_WARN_EMPTY_BODY = YES;
				CLANG_WARN_ENUM_CONVERSION = YES;
				CLANG_WARN_INFINITE_RECURSION = YES;
				CLANG_WARN_INT_CONVERSION = YES;
				CLANG_WARN_NON_LITERAL_NULL_CONVERSION = YES;
				CLANG_WARN_OBJC_IMPLICIT_RETAIN_SELF = YES;
				CLANG_WARN_OBJC_LITERAL_CONVERSION = YES;
				CLANG_WARN_OBJC_ROOT_CLASS = YES_ERROR;
				CLANG_WARN_QUOTED_INCLUDE_IN_FRAMEWORK_HEADER = YES;
				CLANG_WARN_RANGE_LOOP_ANALYSIS = YES;
				CLANG_WARN_STRICT_PROTOTYPES = YES;
				CLANG_WARN_SUSPICIOUS_MOVE = YES;
				CLANG_WARN_UNGUARDED_AVAILABILITY = YES_AGGRESSIVE;
				CLANG_WARN_UNREACHABLE_CODE = YES;
				CLANG_WARN__DUPLICATE_METHOD_MATCH = YES;
				COPY_PHASE_STRIP = NO;
				DEBUG_INFORMATION_FORMAT = "dwarf-with-dsym";
				ENABLE_NS_ASSERTIONS = NO;
				ENABLE_STRICT_OBJC_MSGSEND = YES;
				GCC_C_LANGUAGE_STANDARD = gnu11;
				GCC_NO_COMMON_BLOCKS = YES;
				GCC_WARN_64_TO_32_BIT_CONVERSION = YES;
				GCC_WARN_ABOUT_RETURN_TYPE = YES_ERROR;
				GCC_WARN_UNDECLARED_SELECTOR = YES;
				GCC_WARN_UNINITIALIZED_AUTOS = YES_AGGRESSIVE;
				GCC_WARN_UNUSED_FUNCTION = YES;
				GCC_WARN_UNUSED_VARIABLE = YES;
				IPHONEOS_DEPLOYMENT_TARGET = 16.0;
				MTL_ENABLE_DEBUG_INFO = NO;
				MTL_FAST_MATH = YES;
				SDKROOT = iphoneos;
				SWIFT_COMPILATION_MODE = wholemodule;
				SWIFT_OPTIMIZATION_LEVEL = "-O";
				VALIDATE_PRODUCT = YES;
			};
			name = Release;
		};
		646F5F1F28E71BAF0032EAA5 /* Debug */ = {
			isa = XCBuildConfiguration;
			buildSettings = {
				ASSETCATALOG_COMPILER_APPICON_NAME = AppIcon;
				ASSETCATALOG_COMPILER_GLOBAL_ACCENT_COLOR_NAME = AccentColor;
				CODE_SIGN_STYLE = Automatic;
				CURRENT_PROJECT_VERSION = 1;
				DEVELOPMENT_ASSET_PATHS = "\"CryptoTracker/Preview Content\"";
				DEVELOPMENT_TEAM = T62LSRH57V;
				ENABLE_PREVIEWS = YES;
				GENERATE_INFOPLIST_FILE = YES;
				INFOPLIST_KEY_CFBundleDisplayName = "Crypto Tracker";
				INFOPLIST_KEY_UIApplicationSceneManifest_Generation = YES;
				INFOPLIST_KEY_UIApplicationSupportsIndirectInputEvents = YES;
				INFOPLIST_KEY_UILaunchScreen_Generation = YES;
				INFOPLIST_KEY_UISupportedInterfaceOrientations = UIInterfaceOrientationPortrait;
				LD_RUNPATH_SEARCH_PATHS = (
					"$(inherited)",
					"@executable_path/Frameworks",
				);
				MARKETING_VERSION = 1.0;
				PRODUCT_BUNDLE_IDENTIFIER = com.sajjad.CryptoTracker;
				PRODUCT_NAME = "$(TARGET_NAME)";
				SUPPORTED_PLATFORMS = "iphoneos iphonesimulator";
				SUPPORTS_MACCATALYST = NO;
				SUPPORTS_MAC_DESIGNED_FOR_IPHONE_IPAD = NO;
				SWIFT_EMIT_LOC_STRINGS = YES;
				SWIFT_VERSION = 5.0;
				TARGETED_DEVICE_FAMILY = "1,2";
			};
			name = Debug;
		};
		646F5F2028E71BAF0032EAA5 /* Release */ = {
			isa = XCBuildConfiguration;
			buildSettings = {
				ASSETCATALOG_COMPILER_APPICON_NAME = AppIcon;
				ASSETCATALOG_COMPILER_GLOBAL_ACCENT_COLOR_NAME = AccentColor;
				CODE_SIGN_STYLE = Automatic;
				CURRENT_PROJECT_VERSION = 1;
				DEVELOPMENT_ASSET_PATHS = "\"CryptoTracker/Preview Content\"";
				DEVELOPMENT_TEAM = T62LSRH57V;
				ENABLE_PREVIEWS = YES;
				GENERATE_INFOPLIST_FILE = YES;
				INFOPLIST_KEY_CFBundleDisplayName = "Crypto Tracker";
				INFOPLIST_KEY_UIApplicationSceneManifest_Generation = YES;
				INFOPLIST_KEY_UIApplicationSupportsIndirectInputEvents = YES;
				INFOPLIST_KEY_UILaunchScreen_Generation = YES;
				INFOPLIST_KEY_UISupportedInterfaceOrientations = UIInterfaceOrientationPortrait;
				LD_RUNPATH_SEARCH_PATHS = (
					"$(inherited)",
					"@executable_path/Frameworks",
				);
				MARKETING_VERSION = 1.0;
				PRODUCT_BUNDLE_IDENTIFIER = com.sajjad.CryptoTracker;
				PRODUCT_NAME = "$(TARGET_NAME)";
				SUPPORTED_PLATFORMS = "iphoneos iphonesimulator";
				SUPPORTS_MACCATALYST = NO;
				SUPPORTS_MAC_DESIGNED_FOR_IPHONE_IPAD = NO;
				SWIFT_EMIT_LOC_STRINGS = YES;
				SWIFT_VERSION = 5.0;
				TARGETED_DEVICE_FAMILY = "1,2";
			};
			name = Release;
		};
/* End XCBuildConfiguration section */

/* Begin XCConfigurationList section */
		646F5F0B28E71BAD0032EAA5 /* Build configuration list for PBXProject "CryptoTracker" */ = {
			isa = XCConfigurationList;
			buildConfigurations = (
				646F5F1C28E71BAF0032EAA5 /* Debug */,
				646F5F1D28E71BAF0032EAA5 /* Release */,
			);
			defaultConfigurationIsVisible = 0;
			defaultConfigurationName = Release;
		};
		646F5F1E28E71BAF0032EAA5 /* Build configuration list for PBXNativeTarget "CryptoTracker" */ = {
			isa = XCConfigurationList;
			buildConfigurations = (
				646F5F1F28E71BAF0032EAA5 /* Debug */,
				646F5F2028E71BAF0032EAA5 /* Release */,
			);
			defaultConfigurationIsVisible = 0;
			defaultConfigurationName = Release;
		};
/* End XCConfigurationList section */

/* Begin XCVersionGroup section */
		64A2E99228F865620067312B /* PortfolioContainer.xcdatamodeld */ = {
			isa = XCVersionGroup;
			children = (
				64A2E99328F865620067312B /* PortfolioContainer.xcdatamodel */,
			);
			currentVersion = 64A2E99328F865620067312B /* PortfolioContainer.xcdatamodel */;
			path = PortfolioContainer.xcdatamodeld;
			sourceTree = "<group>";
			versionGroupType = wrapper.xcdatamodel;
		};
/* End XCVersionGroup section */
	};
	rootObject = 646F5F0828E71BAD0032EAA5 /* Project object */;
}
